
Microsoft Visual Studio Solution File, Format Version 12.00
# Visual Studio Version 17
VisualStudioVersion = 17.4.33110.190
MinimumVisualStudioVersion = 10.0.40219.1
Project("{FAE04EC0-301F-11D3-BF4B-00C04F79EFBC}") = "AdventCode", "AdventCode\AdventCode.csproj", "{CBA7C9C6-99E1-4904-B8B9-13273FB3BF78}"
EndProject
Global
	GlobalSection(SolutionConfigurationPlatforms) = preSolution
		Debug|Any CPU = Debug|Any CPU
		Release|Any CPU = Release|Any CPU
	EndGlobalSection
	GlobalSection(ProjectConfigurationPlatforms) = postSolution
		{CBA7C9C6-99E1-4904-B8B9-13273FB3BF78}.Debug|Any CPU.ActiveCfg = Debug|Any CPU
		{CBA7C9C6-99E1-4904-B8B9-13273FB3BF78}.Debug|Any CPU.Build.0 = Debug|Any CPU
		{CBA7C9C6-99E1-4904-B8B9-13273FB3BF78}.Release|Any CPU.ActiveCfg = Release|Any CPU
		{CBA7C9C6-99E1-4904-B8B9-13273FB3BF78}.Release|Any CPU.Build.0 = Release|Any CPU
	EndGlobalSection
	GlobalSection(SolutionProperties) = preSolution
		HideSolutionNode = FALSE
	EndGlobalSection
	GlobalSection(ExtensibilityGlobals) = postSolution
		SolutionGuid = {CDB04EB4-BF5F-48B0-99F8-496B41DEFF89}
	EndGlobalSection
EndGlobal
